// !$*UTF8*$!
{
	archiveVersion = 1;
	classes = {
	};
	objectVersion = 50;
	objects = {

/* Begin PBXBuildFile section */
		6A2769E725B7539F007C89FB /* AppDelegate.swift in Sources */ = {isa = PBXBuildFile; fileRef = 6A2769E625B7539F007C89FB /* AppDelegate.swift */; };
		6A2769E925B7539F007C89FB /* SceneDelegate.swift in Sources */ = {isa = PBXBuildFile; fileRef = 6A2769E825B7539F007C89FB /* SceneDelegate.swift */; };
		6A2769EB25B7539F007C89FB /* ViewController.swift in Sources */ = {isa = PBXBuildFile; fileRef = 6A2769EA25B7539F007C89FB /* ViewController.swift */; };
		6A2769EE25B7539F007C89FB /* Main.storyboard in Resources */ = {isa = PBXBuildFile; fileRef = 6A2769EC25B7539F007C89FB /* Main.storyboard */; };
		6A2769F025B753A0007C89FB /* Assets.xcassets in Resources */ = {isa = PBXBuildFile; fileRef = 6A2769EF25B753A0007C89FB /* Assets.xcassets */; };
		6A2769F325B753A0007C89FB /* LaunchScreen.storyboard in Resources */ = {isa = PBXBuildFile; fileRef = 6A2769F125B753A0007C89FB /* LaunchScreen.storyboard */; };
		6A2769FC25B76693007C89FB /* Recipe.swift in Sources */ = {isa = PBXBuildFile; fileRef = 6A2769FB25B76693007C89FB /* Recipe.swift */; };
		6A2769FF25B76F23007C89FB /* RecipeDetailViewController.swift in Sources */ = {isa = PBXBuildFile; fileRef = 6A2769FE25B76F23007C89FB /* RecipeDetailViewController.swift */; };
/* End PBXBuildFile section */

/* Begin PBXFileReference section */
		6A2769E325B7539F007C89FB /* Cokit.app */ = {isa = PBXFileReference; explicitFileType = wrapper.application; includeInIndex = 0; path = Cokit.app; sourceTree = BUILT_PRODUCTS_DIR; };
		6A2769E625B7539F007C89FB /* AppDelegate.swift */ = {isa = PBXFileReference; lastKnownFileType = sourcecode.swift; path = AppDelegate.swift; sourceTree = "<group>"; };
		6A2769E825B7539F007C89FB /* SceneDelegate.swift */ = {isa = PBXFileReference; lastKnownFileType = sourcecode.swift; path = SceneDelegate.swift; sourceTree = "<group>"; };
		6A2769EA25B7539F007C89FB /* ViewController.swift */ = {isa = PBXFileReference; lastKnownFileType = sourcecode.swift; path = ViewController.swift; sourceTree = "<group>"; };
		6A2769ED25B7539F007C89FB /* Base */ = {isa = PBXFileReference; lastKnownFileType = file.storyboard; name = Base; path = Base.lproj/Main.storyboard; sourceTree = "<group>"; };
		6A2769EF25B753A0007C89FB /* Assets.xcassets */ = {isa = PBXFileReference; lastKnownFileType = folder.assetcatalog; path = Assets.xcassets; sourceTree = "<group>"; };
		6A2769F225B753A0007C89FB /* Base */ = {isa = PBXFileReference; lastKnownFileType = file.storyboard; name = Base; path = Base.lproj/LaunchScreen.storyboard; sourceTree = "<group>"; };
		6A2769F425B753A0007C89FB /* Info.plist */ = {isa = PBXFileReference; lastKnownFileType = text.plist.xml; path = Info.plist; sourceTree = "<group>"; };
		6A2769FB25B76693007C89FB /* Recipe.swift */ = {isa = PBXFileReference; lastKnownFileType = sourcecode.swift; path = Recipe.swift; sourceTree = "<group>"; };
		6A2769FE25B76F23007C89FB /* RecipeDetailViewController.swift */ = {isa = PBXFileReference; lastKnownFileType = sourcecode.swift; path = RecipeDetailViewController.swift; sourceTree = "<group>"; };
/* End PBXFileReference section */

/* Begin PBXFrameworksBuildPhase section */
		6A2769E025B7539F007C89FB /* Frameworks */ = {
			isa = PBXFrameworksBuildPhase;
			buildActionMask = 2147483647;
			files = (
			);
			runOnlyForDeploymentPostprocessing = 0;
		};
/* End PBXFrameworksBuildPhase section */

/* Begin PBXGroup section */
		6A2769DA25B7539F007C89FB = {
			isa = PBXGroup;
			children = (
				6A2769E525B7539F007C89FB /* Cokit */,
				6A2769E425B7539F007C89FB /* Products */,
			);
			sourceTree = "<group>";
		};
		6A2769E425B7539F007C89FB /* Products */ = {
			isa = PBXGroup;
			children = (
				6A2769E325B7539F007C89FB /* Cokit.app */,
			);
			name = Products;
			sourceTree = "<group>";
		};
		6A2769E525B7539F007C89FB /* Cokit */ = {
			isa = PBXGroup;
			children = (
				6A2769E625B7539F007C89FB /* AppDelegate.swift */,
				6A2769E825B7539F007C89FB /* SceneDelegate.swift */,
				6A2769EA25B7539F007C89FB /* ViewController.swift */,
				6A2769EC25B7539F007C89FB /* Main.storyboard */,
				6A2769EF25B753A0007C89FB /* Assets.xcassets */,
				6A2769F125B753A0007C89FB /* LaunchScreen.storyboard */,
				6A2769F425B753A0007C89FB /* Info.plist */,
				6A2769FB25B76693007C89FB /* Recipe.swift */,
				6A2769FE25B76F23007C89FB /* RecipeDetailViewController.swift */,
			);
			path = Cokit;
			sourceTree = "<group>";
		};
/* End PBXGroup section */

/* Begin PBXNativeTarget section */
		6A2769E225B7539F007C89FB /* Cokit */ = {
			isa = PBXNativeTarget;
			buildConfigurationList = 6A2769F725B753A0007C89FB /* Build configuration list for PBXNativeTarget "Cokit" */;
			buildPhases = (
				6A2769DF25B7539F007C89FB /* Sources */,
				6A2769E025B7539F007C89FB /* Frameworks */,
				6A2769E125B7539F007C89FB /* Resources */,
			);
			buildRules = (
			);
			dependencies = (
			);
			name = Cokit;
			productName = Cokit;
			productReference = 6A2769E325B7539F007C89FB /* Cokit.app */;
			productType = "com.apple.product-type.application";
		};
/* End PBXNativeTarget section */

/* Begin PBXProject section */
		6A2769DB25B7539F007C89FB /* Project object */ = {
			isa = PBXProject;
			attributes = {
				LastSwiftUpdateCheck = 1230;
				LastUpgradeCheck = 1230;
				TargetAttributes = {
					6A2769E225B7539F007C89FB = {
						CreatedOnToolsVersion = 12.3;
					};
				};
			};
			buildConfigurationList = 6A2769DE25B7539F007C89FB /* Build configuration list for PBXProject "Cokit" */;
			compatibilityVersion = "Xcode 9.3";
			developmentRegion = en;
			hasScannedForEncodings = 0;
			knownRegions = (
				en,
				Base,
			);
			mainGroup = 6A2769DA25B7539F007C89FB;
			productRefGroup = 6A2769E425B7539F007C89FB /* Products */;
			projectDirPath = "";
			projectRoot = "";
			targets = (
				6A2769E225B7539F007C89FB /* Cokit */,
			);
		};
/* End PBXProject section */

/* Begin PBXResourcesBuildPhase section */
		6A2769E125B7539F007C89FB /* Resources */ = {
			isa = PBXResourcesBuildPhase;
			buildActionMask = 2147483647;
			files = (
				6A2769F325B753A0007C89FB /* LaunchScreen.storyboard in Resources */,
				6A2769F025B753A0007C89FB /* Assets.xcassets in Resources */,
				6A2769EE25B7539F007C89FB /* Main.storyboard in Resources */,
			);
			runOnlyForDeploymentPostprocessing = 0;
		};
/* End PBXResourcesBuildPhase section */

/* Begin PBXSourcesBuildPhase section */
		6A2769DF25B7539F007C89FB /* Sources */ = {
			isa = PBXSourcesBuildPhase;
			buildActionMask = 2147483647;
			files = (
				6A2769EB25B7539F007C89FB /* ViewController.swift in Sources */,
				6A2769E725B7539F007C89FB /* AppDelegate.swift in Sources */,
				6A2769E925B7539F007C89FB /* SceneDelegate.swift in Sources */,
				6A2769FF25B76F23007C89FB /* RecipeDetailViewController.swift in Sources */,
				6A2769FC25B76693007C89FB /* Recipe.swift in Sources */,
			);
			runOnlyForDeploymentPostprocessing = 0;
		};
/* End PBXSourcesBuildPhase section */

/* Begin PBXVariantGroup section */
		6A2769EC25B7539F007C89FB /* Main.storyboard */ = {
			isa = PBXVariantGroup;
			children = (
				6A2769ED25B7539F007C89FB /* Base */,
			);
			name = Main.storyboard;
			sourceTree = "<group>";
		};
		6A2769F125B753A0007C89FB /* LaunchScreen.storyboard */ = {
			isa = PBXVariantGroup;
			children = (
				6A2769F225B753A0007C89FB /* Base */,
			);
			name = LaunchScreen.storyboard;
			sourceTree = "<group>";
		};
/* End PBXVariantGroup section */

/* Begin XCBuildConfiguration section */
		6A2769F525B753A0007C89FB /* Debug */ = {
			isa = XCBuildConfiguration;
			buildSettings = {
				ALWAYS_SEARCH_USER_PATHS = NO;
				CLANG_ANALYZER_NONNULL = YES;
				CLANG_ANALYZER_NUMBER_OBJECT_CONVERSION = YES_AGGRESSIVE;
				CLANG_CXX_LANGUAGE_STANDARD = "gnu++14";
				CLANG_CXX_LIBRARY = "libc++";
				CLANG_ENABLE_MODULES = YES;
				CLANG_ENABLE_OBJC_ARC = YES;
				CLANG_ENABLE_OBJC_WEAK = YES;
				CLANG_WARN_BLOCK_CAPTURE_AUTORELEASING = YES;
				CLANG_WARN_BOOL_CONVERSION = YES;
				CLANG_WARN_COMMA = YES;
				CLANG_WARN_CONSTANT_CONVERSION = YES;
				CLANG_WARN_DEPRECATED_OBJC_IMPLEMENTATIONS = YES;
				CLANG_WARN_DIRECT_OBJC_ISA_USAGE = YES_ERROR;
				CLANG_WARN_DOCUMENTATION_COMMENTS = YES;
				CLANG_WARN_EMPTY_BODY = YES;
				CLANG_WARN_ENUM_CONVERSION = YES;
				CLANG_WARN_INFINITE_RECURSION = YES;
				CLANG_WARN_INT_CONVERSION = YES;
				CLANG_WARN_NON_LITERAL_NULL_CONVERSION = YES;
				CLANG_WARN_OBJC_IMPLICIT_RETAIN_SELF = YES;
				CLANG_WARN_OBJC_LITERAL_CONVERSION = YES;
				CLANG_WARN_OBJC_ROOT_CLASS = YES_ERROR;
				CLANG_WARN_QUOTED_INCLUDE_IN_FRAMEWORK_HEADER = YES;
				CLANG_WARN_RANGE_LOOP_ANALYSIS = YES;
				CLANG_WARN_STRICT_PROTOTYPES = YES;
				CLANG_WARN_SUSPICIOUS_MOVE = YES;
				CLANG_WARN_UNGUARDED_AVAILABILITY = YES_AGGRESSIVE;
				CLANG_WARN_UNREACHABLE_CODE = YES;
				CLANG_WARN__DUPLICATE_METHOD_MATCH = YES;
				COPY_PHASE_STRIP = NO;
				DEBUG_INFORMATION_FORMAT = dwarf;
				ENABLE_STRICT_OBJC_MSGSEND = YES;
				ENABLE_TESTABILITY = YES;
				GCC_C_LANGUAGE_STANDARD = gnu11;
				GCC_DYNAMIC_NO_PIC = NO;
				GCC_NO_COMMON_BLOCKS = YES;
				GCC_OPTIMIZATION_LEVEL = 0;
				GCC_PREPROCESSOR_DEFINITIONS = (
					"DEBUG=1",
					"$(inherited)",
				);
				GCC_WARN_64_TO_32_BIT_CONVERSION = YES;
				GCC_WARN_ABOUT_RETURN_TYPE = YES_ERROR;
				GCC_WARN_UNDECLARED_SELECTOR = YES;
				GCC_WARN_UNINITIALIZED_AUTOS = YES_AGGRESSIVE;
				GCC_WARN_UNUSED_FUNCTION = YES;
				GCC_WARN_UNUSED_VARIABLE = YES;
				IPHONEOS_DEPLOYMENT_TARGET = 14.3;
				MTL_ENABLE_DEBUG_INFO = INCLUDE_SOURCE;
				MTL_FAST_MATH = YES;
				ONLY_ACTIVE_ARCH = YES;
				SDKROOT = iphoneos;
				SWIFT_ACTIVE_COMPILATION_CONDITIONS = DEBUG;
				SWIFT_OPTIMIZATION_LEVEL = "-Onone";
			};
			name = Debug;
		};
		6A2769F625B753A0007C89FB /* Release */ = {
			isa = XCBuildConfiguration;
			buildSettings = {
				ALWAYS_SEARCH_USER_PATHS = NO;
				CLANG_ANALYZER_NONNULL = YES;
				CLANG_ANALYZER_NUMBER_OBJECT_CONVERSION = YES_AGGRESSIVE;
				CLANG_CXX_LANGUAGE_STANDARD = "gnu++14";
				CLANG_CXX_LIBRARY = "libc++";
				CLANG_ENABLE_MODULES = YES;
				CLANG_ENABLE_OBJC_ARC = YES;
				CLANG_ENABLE_OBJC_WEAK = YES;
				CLANG_WARN_BLOCK_CAPTURE_AUTORELEASING = YES;
				CLANG_WARN_BOOL_CONVERSION = YES;
				CLANG_WARN_COMMA = YES;
				CLANG_WARN_CONSTANT_CONVERSION = YES;
				CLANG_WARN_DEPRECATED_OBJC_IMPLEMENTATIONS = YES;
				CLANG_WARN_DIRECT_OBJC_ISA_USAGE = YES_ERROR;
				CLANG_WARN_DOCUMENTATION_COMMENTS = YES;
				CLANG_WARN_EMPTY_BODY = YES;
				CLANG_WARN_ENUM_CONVERSION = YES;
				CLANG_WARN_INFINITE_RECURSION = YES;
				CLANG_WARN_INT_CONVERSION = YES;
				CLANG_WARN_NON_LITERAL_NULL_CONVERSION = YES;
				CLANG_WARN_OBJC_IMPLICIT_RETAIN_SELF = YES;
				CLANG_WARN_OBJC_LITERAL_CONVERSION = YES;
				CLANG_WARN_OBJC_ROOT_CLASS = YES_ERROR;
				CLANG_WARN_QUOTED_INCLUDE_IN_FRAMEWORK_HEADER = YES;
				CLANG_WARN_RANGE_LOOP_ANALYSIS = YES;
				CLANG_WARN_STRICT_PROTOTYPES = YES;
				CLANG_WARN_SUSPICIOUS_MOVE = YES;
				CLANG_WARN_UNGUARDED_AVAILABILITY = YES_AGGRESSIVE;
				CLANG_WARN_UNREACHABLE_CODE = YES;
				CLANG_WARN__DUPLICATE_METHOD_MATCH = YES;
				COPY_PHASE_STRIP = NO;
				DEBUG_INFORMATION_FORMAT = "dwarf-with-dsym";
				ENABLE_NS_ASSERTIONS = NO;
				ENABLE_STRICT_OBJC_MSGSEND = YES;
				GCC_C_LANGUAGE_STANDARD = gnu11;
				GCC_NO_COMMON_BLOCKS = YES;
				GCC_WARN_64_TO_32_BIT_CONVERSION = YES;
				GCC_WARN_ABOUT_RETURN_TYPE = YES_ERROR;
				GCC_WARN_UNDECLARED_SELECTOR = YES;
				GCC_WARN_UNINITIALIZED_AUTOS = YES_AGGRESSIVE;
				GCC_WARN_UNUSED_FUNCTION = YES;
				GCC_WARN_UNUSED_VARIABLE = YES;
				IPHONEOS_DEPLOYMENT_TARGET = 14.3;
				MTL_ENABLE_DEBUG_INFO = NO;
				MTL_FAST_MATH = YES;
				SDKROOT = iphoneos;
				SWIFT_COMPILATION_MODE = wholemodule;
				SWIFT_OPTIMIZATION_LEVEL = "-O";
				VALIDATE_PRODUCT = YES;
			};
			name = Release;
		};
		6A2769F825B753A0007C89FB /* Debug */ = {
			isa = XCBuildConfiguration;
			buildSettings = {
				ASSETCATALOG_COMPILER_APPICON_NAME = AppIcon;
				ASSETCATALOG_COMPILER_GLOBAL_ACCENT_COLOR_NAME = AccentColor;
				CODE_SIGN_STYLE = Automatic;
				INFOPLIST_FILE = Cokit/Info.plist;
				LD_RUNPATH_SEARCH_PATHS = (
					"$(inherited)",
					"@executable_path/Frameworks",
				);
				PRODUCT_BUNDLE_IDENTIFIER = com.kkutnenko.Cokit;
				PRODUCT_NAME = "$(TARGET_NAME)";
				SWIFT_VERSION = 5.0;
				TARGETED_DEVICE_FAMILY = "1,2";
			};
			name = Debug;
		};
		6A2769F925B753A0007C89FB /* Release */ = {
			isa = XCBuildConfiguration;
			buildSettings = {
				ASSETCATALOG_COMPILER_APPICON_NAME = AppIcon;
				ASSETCATALOG_COMPILER_GLOBAL_ACCENT_COLOR_NAME = AccentColor;
				CODE_SIGN_STYLE = Automatic;
				INFOPLIST_FILE = Cokit/Info.plist;
				LD_RUNPATH_SEARCH_PATHS = (
					"$(inherited)",
					"@executable_path/Frameworks",
				);
				PRODUCT_BUNDLE_IDENTIFIER = com.kkutnenko.Cokit;
				PRODUCT_NAME = "$(TARGET_NAME)";
				SWIFT_VERSION = 5.0;
				TARGETED_DEVICE_FAMILY = "1,2";
			};
			name = Release;
		};
/* End XCBuildConfiguration section */

/* Begin XCConfigurationList section */
		6A2769DE25B7539F007C89FB /* Build configuration list for PBXProject "Cokit" */ = {
			isa = XCConfigurationList;
			buildConfigurations = (
				6A2769F525B753A0007C89FB /* Debug */,
				6A2769F625B753A0007C89FB /* Release */,
			);
			defaultConfigurationIsVisible = 0;
			defaultConfigurationName = Release;
		};
		6A2769F725B753A0007C89FB /* Build configuration list for PBXNativeTarget "Cokit" */ = {
			isa = XCConfigurationList;
			buildConfigurations = (
				6A2769F825B753A0007C89FB /* Debug */,
				6A2769F925B753A0007C89FB /* Release */,
			);
			defaultConfigurationIsVisible = 0;
			defaultConfigurationName = Release;
		};
/* End XCConfigurationList section */
	};
	rootObject = 6A2769DB25B7539F007C89FB /* Project object */;
}
